
Microsoft Visual Studio Solution File, Format Version 12.00
# Visual Studio Version 17
VisualStudioVersion = 17.10.34916.146
MinimumVisualStudioVersion = 10.0.40219.1
Project("{00D1A9C2-B5F0-4AF3-8072-F6C62B433612}") = "DB_Music", "DB_Music\DB_Music.sqlproj", "{2CF06097-5AD7-4B74-BC73-FFBF0A4A2247}"
EndProject
Global
	GlobalSection(SolutionConfigurationPlatforms) = preSolution
		Debug|Any CPU = Debug|Any CPU
		Release|Any CPU = Release|Any CPU
	EndGlobalSection
	GlobalSection(ProjectConfigurationPlatforms) = postSolution
		{2CF06097-5AD7-4B74-BC73-FFBF0A4A2247}.Debug|Any CPU.ActiveCfg = Debug|Any CPU
		{2CF06097-5AD7-4B74-BC73-FFBF0A4A2247}.Debug|Any CPU.Build.0 = Debug|Any CPU
		{2CF06097-5AD7-4B74-BC73-FFBF0A4A2247}.Debug|Any CPU.Deploy.0 = Debug|Any CPU
		{2CF06097-5AD7-4B74-BC73-FFBF0A4A2247}.Release|Any CPU.ActiveCfg = Release|Any CPU
		{2CF06097-5AD7-4B74-BC73-FFBF0A4A2247}.Release|Any CPU.Build.0 = Release|Any CPU
		{2CF06097-5AD7-4B74-BC73-FFBF0A4A2247}.Release|Any CPU.Deploy.0 = Release|Any CPU
	EndGlobalSection
	GlobalSection(SolutionProperties) = preSolution
		HideSolutionNode = FALSE
	EndGlobalSection
	GlobalSection(ExtensibilityGlobals) = postSolution
		SolutionGuid = {B48E9115-048B-464E-B4EA-CADA76C656C1}
	EndGlobalSection
EndGlobal
